{
    "_meta": {
        "hash": {
            "sha256": "ebef4af15755cf7507500fbd9c39d55e617fddaf36e9dd55549ab774a4949909"
        },
        "pipfile-spec": 6,
        "requires": {},
        "sources": [
            {
                "name": "aws",
                "url": "https://aws:$CODEARTIFACT_AUTH_TOKEN@test-136306849848.d.codeartifact.eu-west-1.amazonaws.com/pypi/LeonPatmore/simple/",
                "verify_ssl": true
            }
        ]
    },
    "default": {
        "python-serverless": {
            "hashes": [
                "sha256:1470878590a3a37156d95665151a61505699f21f10b67de642fd1e489536300d",
                "sha256:174bc0853981aeb871b7888d7e4ec52e8526be356486fe7a067c2f81ac29c526"
            ],
            "index": "aws",
            "version": "==0.0.5"
        }
    },
    "develop": {}
}
